
Microsoft Visual Studio Solution File, Format Version 12.00
# Visual Studio Version 17
VisualStudioVersion = 17.6.33815.320
MinimumVisualStudioVersion = 10.0.40219.1
Project("{9A19103F-16F7-4668-BE54-9A1E7A4F7556}") = "WebApp", "WebApp\WebApp.csproj", "{0A818048-7481-4326-AB7E-46D97B99C570}"
EndProject
Global
	GlobalSection(SolutionConfigurationPlatforms) = preSolution
		Debug|Any CPU = Debug|Any CPU
		Release|Any CPU = Release|Any CPU
	EndGlobalSection
	GlobalSection(ProjectConfigurationPlatforms) = postSolution
		{0A818048-7481-4326-AB7E-46D97B99C570}.Debug|Any CPU.ActiveCfg = Debug|Any CPU
		{0A818048-7481-4326-AB7E-46D97B99C570}.Debug|Any CPU.Build.0 = Debug|Any CPU
		{0A818048-7481-4326-AB7E-46D97B99C570}.Release|Any CPU.ActiveCfg = Release|Any CPU
		{0A818048-7481-4326-AB7E-46D97B99C570}.Release|Any CPU.Build.0 = Release|Any CPU
	EndGlobalSection
	GlobalSection(SolutionProperties) = preSolution
		HideSolutionNode = FALSE
	EndGlobalSection
	GlobalSection(ExtensibilityGlobals) = postSolution
		SolutionGuid = {A855CADA-79A0-48E1-BCB3-2ABCD5F299CB}
	EndGlobalSection
EndGlobal
